
Microsoft Visual Studio Solution File, Format Version 12.00
# Visual Studio 2015
Project("{FAE04EC0-301F-11D3-BF4B-00C04F79EFBC}") = "test maps.CSharp", "test maps.CSharp.csproj", "{5210753E-809D-8ABD-5127-FBFA9A1CF314}"
EndProject
Project("{FAE04EC0-301F-11D3-BF4B-00C04F79EFBC}") = "test maps.CSharp.Editor", "test maps.CSharp.Editor.csproj", "{F5725A78-8FB4-17F3-0E93-D3DD05CA029E}"
EndProject
Global
	GlobalSection(SolutionConfigurationPlatforms) = preSolution
		Debug|Any CPU = Debug|Any CPU
		Release|Any CPU = Release|Any CPU
	EndGlobalSection
	GlobalSection(ProjectConfigurationPlatforms) = postSolution
		{5210753E-809D-8ABD-5127-FBFA9A1CF314}.Debug|Any CPU.ActiveCfg = Debug|Any CPU
		{5210753E-809D-8ABD-5127-FBFA9A1CF314}.Debug|Any CPU.Build.0 = Debug|Any CPU
		{5210753E-809D-8ABD-5127-FBFA9A1CF314}.Release|Any CPU.ActiveCfg = Release|Any CPU
		{5210753E-809D-8ABD-5127-FBFA9A1CF314}.Release|Any CPU.Build.0 = Release|Any CPU
		{F5725A78-8FB4-17F3-0E93-D3DD05CA029E}.Debug|Any CPU.ActiveCfg = Debug|Any CPU
		{F5725A78-8FB4-17F3-0E93-D3DD05CA029E}.Debug|Any CPU.Build.0 = Debug|Any CPU
		{F5725A78-8FB4-17F3-0E93-D3DD05CA029E}.Release|Any CPU.ActiveCfg = Release|Any CPU
		{F5725A78-8FB4-17F3-0E93-D3DD05CA029E}.Release|Any CPU.Build.0 = Release|Any CPU
	EndGlobalSection
	GlobalSection(SolutionProperties) = preSolution
		HideSolutionNode = FALSE
	EndGlobalSection
EndGlobal
